
Microsoft Visual Studio Solution File, Format Version 12.00
# Visual Studio Version 16
VisualStudioVersion = 16.0.29920.165
MinimumVisualStudioVersion = 10.0.40219.1
Project("{9A19103F-16F7-4668-BE54-9A1E7A4F7556}") = "CentralitaHerencia", "CentralitaHerencia\CentralitaHerencia.csproj", "{6E6CB49C-6F41-4D61-94E6-48A3C6475E59}"
EndProject
Project("{9A19103F-16F7-4668-BE54-9A1E7A4F7556}") = "Test", "Test\Test.csproj", "{F99E2B3F-CE4F-457A-AB32-CD5C60DB881C}"
EndProject
Project("{FAE04EC0-301F-11D3-BF4B-00C04F79EFBC}") = "FormCentralita", "CentralitaForm\FormCentralita.csproj", "{7EF50484-1AF1-4C3E-977B-F01418B2B8F0}"
EndProject
Global
	GlobalSection(SolutionConfigurationPlatforms) = preSolution
		Debug|Any CPU = Debug|Any CPU
		Release|Any CPU = Release|Any CPU
	EndGlobalSection
	GlobalSection(ProjectConfigurationPlatforms) = postSolution
		{6E6CB49C-6F41-4D61-94E6-48A3C6475E59}.Debug|Any CPU.ActiveCfg = Debug|Any CPU
		{6E6CB49C-6F41-4D61-94E6-48A3C6475E59}.Debug|Any CPU.Build.0 = Debug|Any CPU
		{6E6CB49C-6F41-4D61-94E6-48A3C6475E59}.Release|Any CPU.ActiveCfg = Release|Any CPU
		{6E6CB49C-6F41-4D61-94E6-48A3C6475E59}.Release|Any CPU.Build.0 = Release|Any CPU
		{F99E2B3F-CE4F-457A-AB32-CD5C60DB881C}.Debug|Any CPU.ActiveCfg = Debug|Any CPU
		{F99E2B3F-CE4F-457A-AB32-CD5C60DB881C}.Debug|Any CPU.Build.0 = Debug|Any CPU
		{F99E2B3F-CE4F-457A-AB32-CD5C60DB881C}.Release|Any CPU.ActiveCfg = Release|Any CPU
		{F99E2B3F-CE4F-457A-AB32-CD5C60DB881C}.Release|Any CPU.Build.0 = Release|Any CPU
		{7EF50484-1AF1-4C3E-977B-F01418B2B8F0}.Debug|Any CPU.ActiveCfg = Debug|Any CPU
		{7EF50484-1AF1-4C3E-977B-F01418B2B8F0}.Debug|Any CPU.Build.0 = Debug|Any CPU
		{7EF50484-1AF1-4C3E-977B-F01418B2B8F0}.Release|Any CPU.ActiveCfg = Release|Any CPU
		{7EF50484-1AF1-4C3E-977B-F01418B2B8F0}.Release|Any CPU.Build.0 = Release|Any CPU
	EndGlobalSection
	GlobalSection(SolutionProperties) = preSolution
		HideSolutionNode = FALSE
	EndGlobalSection
	GlobalSection(ExtensibilityGlobals) = postSolution
		SolutionGuid = {036D923B-9141-438D-8957-40D698D89B1C}
	EndGlobalSection
EndGlobal
